// !$*UTF8*$!
{
	archiveVersion = 1;
	classes = {
	};
	objectVersion = 56;
	objects = {

/* Begin PBXBuildFile section */
		2831E2D1296E56EE003BC44F /* AddViewController.swift in Sources */ = {isa = PBXBuildFile; fileRef = 2831E2D0296E56EE003BC44F /* AddViewController.swift */; };
		28670CF8297102E300624681 /* AppData.swift in Sources */ = {isa = PBXBuildFile; fileRef = 28670CF7297102E300624681 /* AppData.swift */; };
		28670CFA2971493900624681 /* DetailViewController.swift in Sources */ = {isa = PBXBuildFile; fileRef = 28670CF92971493900624681 /* DetailViewController.swift */; };
		28674CBE296FC9FA00433B57 /* BoundingBoxView.swift in Sources */ = {isa = PBXBuildFile; fileRef = 28674CBD296FC9FA00433B57 /* BoundingBoxView.swift */; };
		28674CC0296FCB3700433B57 /* SnackDetector.mlmodel in Sources */ = {isa = PBXBuildFile; fileRef = 28674CBF296FCB3700433B57 /* SnackDetector.mlmodel */; };
		28674CC2296FCB6200433B57 /* CGImagePropertyOrientation.swift in Sources */ = {isa = PBXBuildFile; fileRef = 28674CC1296FCB6200433B57 /* CGImagePropertyOrientation.swift */; };
		2885231E296FF88F00BA918B /* SelectAlertController.swift in Sources */ = {isa = PBXBuildFile; fileRef = 2885231D296FF88F00BA918B /* SelectAlertController.swift */; };
		289EA735296D5A4300033333 /* SideMenu in Frameworks */ = {isa = PBXBuildFile; productRef = 289EA734296D5A4300033333 /* SideMenu */; };
		289EA757296D65F200033333 /* SceneDelegate.swift in Sources */ = {isa = PBXBuildFile; fileRef = 289EA756296D65F200033333 /* SceneDelegate.swift */; };
		289EA75B296D712400033333 /* MySideMenuController.swift in Sources */ = {isa = PBXBuildFile; fileRef = 289EA75A296D712400033333 /* MySideMenuController.swift */; };
		289EA75D296DA3C300033333 /* NavigationController.swift in Sources */ = {isa = PBXBuildFile; fileRef = 289EA75C296DA3C300033333 /* NavigationController.swift */; };
		289EA75F296DA7CC00033333 /* AlbumViewController.swift in Sources */ = {isa = PBXBuildFile; fileRef = 289EA75E296DA7CC00033333 /* AlbumViewController.swift */; };
		28B56FED296ED79100C25214 /* MenuTableController.swift in Sources */ = {isa = PBXBuildFile; fileRef = 28B56FEC296ED79100C25214 /* MenuTableController.swift */; };
		28D20E9C296D177F006CE01D /* AppDelegate.swift in Sources */ = {isa = PBXBuildFile; fileRef = 28D20E9B296D177F006CE01D /* AppDelegate.swift */; };
		28D20EA3296D177F006CE01D /* Main.storyboard in Resources */ = {isa = PBXBuildFile; fileRef = 28D20EA1296D177F006CE01D /* Main.storyboard */; };
		28D20EA5296D1780006CE01D /* Assets.xcassets in Resources */ = {isa = PBXBuildFile; fileRef = 28D20EA4296D1780006CE01D /* Assets.xcassets */; };
		28D20EA8296D1780006CE01D /* LaunchScreen.storyboard in Resources */ = {isa = PBXBuildFile; fileRef = 28D20EA6296D1780006CE01D /* LaunchScreen.storyboard */; };
/* End PBXBuildFile section */

/* Begin PBXFileReference section */
		2831E2D0296E56EE003BC44F /* AddViewController.swift */ = {isa = PBXFileReference; fileEncoding = 4; lastKnownFileType = sourcecode.swift; path = AddViewController.swift; sourceTree = "<group>"; };
		28670CF7297102E300624681 /* AppData.swift */ = {isa = PBXFileReference; lastKnownFileType = sourcecode.swift; path = AppData.swift; sourceTree = "<group>"; };
		28670CF92971493900624681 /* DetailViewController.swift */ = {isa = PBXFileReference; lastKnownFileType = sourcecode.swift; path = DetailViewController.swift; sourceTree = "<group>"; };
		28674CBD296FC9FA00433B57 /* BoundingBoxView.swift */ = {isa = PBXFileReference; fileEncoding = 4; lastKnownFileType = sourcecode.swift; path = BoundingBoxView.swift; sourceTree = "<group>"; };
		28674CBF296FCB3700433B57 /* SnackDetector.mlmodel */ = {isa = PBXFileReference; lastKnownFileType = file.mlmodel; path = SnackDetector.mlmodel; sourceTree = "<group>"; };
		28674CC1296FCB6200433B57 /* CGImagePropertyOrientation.swift */ = {isa = PBXFileReference; fileEncoding = 4; lastKnownFileType = sourcecode.swift; path = CGImagePropertyOrientation.swift; sourceTree = "<group>"; };
		2885231D296FF88F00BA918B /* SelectAlertController.swift */ = {isa = PBXFileReference; lastKnownFileType = sourcecode.swift; path = SelectAlertController.swift; sourceTree = "<group>"; };
		289EA756296D65F200033333 /* SceneDelegate.swift */ = {isa = PBXFileReference; fileEncoding = 4; lastKnownFileType = sourcecode.swift; path = SceneDelegate.swift; sourceTree = "<group>"; };
		289EA75A296D712400033333 /* MySideMenuController.swift */ = {isa = PBXFileReference; lastKnownFileType = sourcecode.swift; path = MySideMenuController.swift; sourceTree = "<group>"; };
		289EA75C296DA3C300033333 /* NavigationController.swift */ = {isa = PBXFileReference; lastKnownFileType = sourcecode.swift; path = NavigationController.swift; sourceTree = "<group>"; };
		289EA75E296DA7CC00033333 /* AlbumViewController.swift */ = {isa = PBXFileReference; lastKnownFileType = sourcecode.swift; path = AlbumViewController.swift; sourceTree = "<group>"; };
		28B56FEC296ED79100C25214 /* MenuTableController.swift */ = {isa = PBXFileReference; lastKnownFileType = sourcecode.swift; path = MenuTableController.swift; sourceTree = "<group>"; };
		28D20E98296D177F006CE01D /* MyAlbum.app */ = {isa = PBXFileReference; explicitFileType = wrapper.application; includeInIndex = 0; path = MyAlbum.app; sourceTree = BUILT_PRODUCTS_DIR; };
		28D20E9B296D177F006CE01D /* AppDelegate.swift */ = {isa = PBXFileReference; lastKnownFileType = sourcecode.swift; path = AppDelegate.swift; sourceTree = "<group>"; };
		28D20EA2296D177F006CE01D /* Base */ = {isa = PBXFileReference; lastKnownFileType = file.storyboard; name = Base; path = Base.lproj/Main.storyboard; sourceTree = "<group>"; };
		28D20EA4296D1780006CE01D /* Assets.xcassets */ = {isa = PBXFileReference; lastKnownFileType = folder.assetcatalog; path = Assets.xcassets; sourceTree = "<group>"; };
		28D20EA7296D1780006CE01D /* Base */ = {isa = PBXFileReference; lastKnownFileType = file.storyboard; name = Base; path = Base.lproj/LaunchScreen.storyboard; sourceTree = "<group>"; };
		28D20EA9296D1780006CE01D /* Info.plist */ = {isa = PBXFileReference; lastKnownFileType = text.plist.xml; path = Info.plist; sourceTree = "<group>"; };
/* End PBXFileReference section */

/* Begin PBXFrameworksBuildPhase section */
		28D20E95296D177F006CE01D /* Frameworks */ = {
			isa = PBXFrameworksBuildPhase;
			buildActionMask = 2147483647;
			files = (
				289EA735296D5A4300033333 /* SideMenu in Frameworks */,
			);
			runOnlyForDeploymentPostprocessing = 0;
		};
/* End PBXFrameworksBuildPhase section */

/* Begin PBXGroup section */
		28D20E8F296D177F006CE01D = {
			isa = PBXGroup;
			children = (
				28D20E9A296D177F006CE01D /* MyAlbum */,
				28D20E99296D177F006CE01D /* Products */,
			);
			sourceTree = "<group>";
		};
		28D20E99296D177F006CE01D /* Products */ = {
			isa = PBXGroup;
			children = (
				28D20E98296D177F006CE01D /* MyAlbum.app */,
			);
			name = Products;
			sourceTree = "<group>";
		};
		28D20E9A296D177F006CE01D /* MyAlbum */ = {
			isa = PBXGroup;
			children = (
				2831E2D0296E56EE003BC44F /* AddViewController.swift */,
				28674CBD296FC9FA00433B57 /* BoundingBoxView.swift */,
				28674CC1296FCB6200433B57 /* CGImagePropertyOrientation.swift */,
				289EA756296D65F200033333 /* SceneDelegate.swift */,
				28D20E9B296D177F006CE01D /* AppDelegate.swift */,
				28674CBF296FCB3700433B57 /* SnackDetector.mlmodel */,
				289EA75E296DA7CC00033333 /* AlbumViewController.swift */,
				289EA75A296D712400033333 /* MySideMenuController.swift */,
				289EA75C296DA3C300033333 /* NavigationController.swift */,
				28D20EA1296D177F006CE01D /* Main.storyboard */,
				28D20EA4296D1780006CE01D /* Assets.xcassets */,
				28D20EA6296D1780006CE01D /* LaunchScreen.storyboard */,
				28D20EA9296D1780006CE01D /* Info.plist */,
				28B56FEC296ED79100C25214 /* MenuTableController.swift */,
				2885231D296FF88F00BA918B /* SelectAlertController.swift */,
				28670CF7297102E300624681 /* AppData.swift */,
				28670CF92971493900624681 /* DetailViewController.swift */,
			);
			path = MyAlbum;
			sourceTree = "<group>";
		};
/* End PBXGroup section */

/* Begin PBXNativeTarget section */
		28D20E97296D177F006CE01D /* MyAlbum */ = {
			isa = PBXNativeTarget;
			buildConfigurationList = 28D20EAC296D1780006CE01D /* Build configuration list for PBXNativeTarget "MyAlbum" */;
			buildPhases = (
				28D20E94296D177F006CE01D /* Sources */,
				28D20E95296D177F006CE01D /* Frameworks */,
				28D20E96296D177F006CE01D /* Resources */,
			);
			buildRules = (
			);
			dependencies = (
			);
			name = MyAlbum;
			packageProductDependencies = (
				289EA734296D5A4300033333 /* SideMenu */,
			);
			productName = MyAlbum;
			productReference = 28D20E98296D177F006CE01D /* MyAlbum.app */;
			productType = "com.apple.product-type.application";
		};
/* End PBXNativeTarget section */

/* Begin PBXProject section */
		28D20E90296D177F006CE01D /* Project object */ = {
			isa = PBXProject;
			attributes = {
				BuildIndependentTargetsInParallel = 1;
				LastSwiftUpdateCheck = 1410;
				LastUpgradeCheck = 1410;
				TargetAttributes = {
					28D20E97296D177F006CE01D = {
						CreatedOnToolsVersion = 14.1;
					};
				};
			};
			buildConfigurationList = 28D20E93296D177F006CE01D /* Build configuration list for PBXProject "MyAlbum" */;
			compatibilityVersion = "Xcode 14.0";
			developmentRegion = en;
			hasScannedForEncodings = 0;
			knownRegions = (
				en,
				Base,
			);
			mainGroup = 28D20E8F296D177F006CE01D;
			packageReferences = (
				289EA733296D5A4300033333 /* XCRemoteSwiftPackageReference "SideMenu" */,
			);
			productRefGroup = 28D20E99296D177F006CE01D /* Products */;
			projectDirPath = "";
			projectRoot = "";
			targets = (
				28D20E97296D177F006CE01D /* MyAlbum */,
			);
		};
/* End PBXProject section */

/* Begin PBXResourcesBuildPhase section */
		28D20E96296D177F006CE01D /* Resources */ = {
			isa = PBXResourcesBuildPhase;
			buildActionMask = 2147483647;
			files = (
				28D20EA8296D1780006CE01D /* LaunchScreen.storyboard in Resources */,
				28D20EA5296D1780006CE01D /* Assets.xcassets in Resources */,
				28D20EA3296D177F006CE01D /* Main.storyboard in Resources */,
			);
			runOnlyForDeploymentPostprocessing = 0;
		};
/* End PBXResourcesBuildPhase section */

/* Begin PBXSourcesBuildPhase section */
		28D20E94296D177F006CE01D /* Sources */ = {
			isa = PBXSourcesBuildPhase;
			buildActionMask = 2147483647;
			files = (
				28670CFA2971493900624681 /* DetailViewController.swift in Sources */,
				2831E2D1296E56EE003BC44F /* AddViewController.swift in Sources */,
				28D20E9C296D177F006CE01D /* AppDelegate.swift in Sources */,
				28674CC2296FCB6200433B57 /* CGImagePropertyOrientation.swift in Sources */,
				289EA75F296DA7CC00033333 /* AlbumViewController.swift in Sources */,
				289EA75D296DA3C300033333 /* NavigationController.swift in Sources */,
				289EA757296D65F200033333 /* SceneDelegate.swift in Sources */,
				28B56FED296ED79100C25214 /* MenuTableController.swift in Sources */,
				28670CF8297102E300624681 /* AppData.swift in Sources */,
				289EA75B296D712400033333 /* MySideMenuController.swift in Sources */,
				28674CBE296FC9FA00433B57 /* BoundingBoxView.swift in Sources */,
				28674CC0296FCB3700433B57 /* SnackDetector.mlmodel in Sources */,
				2885231E296FF88F00BA918B /* SelectAlertController.swift in Sources */,
			);
			runOnlyForDeploymentPostprocessing = 0;
		};
/* End PBXSourcesBuildPhase section */

/* Begin PBXVariantGroup section */
		28D20EA1296D177F006CE01D /* Main.storyboard */ = {
			isa = PBXVariantGroup;
			children = (
				28D20EA2296D177F006CE01D /* Base */,
			);
			name = Main.storyboard;
			sourceTree = "<group>";
		};
		28D20EA6296D1780006CE01D /* LaunchScreen.storyboard */ = {
			isa = PBXVariantGroup;
			children = (
				28D20EA7296D1780006CE01D /* Base */,
			);
			name = LaunchScreen.storyboard;
			sourceTree = "<group>";
		};
/* End PBXVariantGroup section */

/* Begin XCBuildConfiguration section */
		28D20EAA296D1780006CE01D /* Debug */ = {
			isa = XCBuildConfiguration;
			buildSettings = {
				ALWAYS_SEARCH_USER_PATHS = NO;
				CLANG_ANALYZER_NONNULL = YES;
				CLANG_ANALYZER_NUMBER_OBJECT_CONVERSION = YES_AGGRESSIVE;
				CLANG_CXX_LANGUAGE_STANDARD = "gnu++20";
				CLANG_ENABLE_MODULES = YES;
				CLANG_ENABLE_OBJC_ARC = YES;
				CLANG_ENABLE_OBJC_WEAK = YES;
				CLANG_WARN_BLOCK_CAPTURE_AUTORELEASING = YES;
				CLANG_WARN_BOOL_CONVERSION = YES;
				CLANG_WARN_COMMA = YES;
				CLANG_WARN_CONSTANT_CONVERSION = YES;
				CLANG_WARN_DEPRECATED_OBJC_IMPLEMENTATIONS = YES;
				CLANG_WARN_DIRECT_OBJC_ISA_USAGE = YES_ERROR;
				CLANG_WARN_DOCUMENTATION_COMMENTS = YES;
				CLANG_WARN_EMPTY_BODY = YES;
				CLANG_WARN_ENUM_CONVERSION = YES;
				CLANG_WARN_INFINITE_RECURSION = YES;
				CLANG_WARN_INT_CONVERSION = YES;
				CLANG_WARN_NON_LITERAL_NULL_CONVERSION = YES;
				CLANG_WARN_OBJC_IMPLICIT_RETAIN_SELF = YES;
				CLANG_WARN_OBJC_LITERAL_CONVERSION = YES;
				CLANG_WARN_OBJC_ROOT_CLASS = YES_ERROR;
				CLANG_WARN_QUOTED_INCLUDE_IN_FRAMEWORK_HEADER = YES;
				CLANG_WARN_RANGE_LOOP_ANALYSIS = YES;
				CLANG_WARN_STRICT_PROTOTYPES = YES;
				CLANG_WARN_SUSPICIOUS_MOVE = YES;
				CLANG_WARN_UNGUARDED_AVAILABILITY = YES_AGGRESSIVE;
				CLANG_WARN_UNREACHABLE_CODE = YES;
				CLANG_WARN__DUPLICATE_METHOD_MATCH = YES;
				COPY_PHASE_STRIP = NO;
				DEBUG_INFORMATION_FORMAT = dwarf;
				ENABLE_STRICT_OBJC_MSGSEND = YES;
				ENABLE_TESTABILITY = YES;
				GCC_C_LANGUAGE_STANDARD = gnu11;
				GCC_DYNAMIC_NO_PIC = NO;
				GCC_NO_COMMON_BLOCKS = YES;
				GCC_OPTIMIZATION_LEVEL = 0;
				GCC_PREPROCESSOR_DEFINITIONS = (
					"DEBUG=1",
					"$(inherited)",
				);
				GCC_WARN_64_TO_32_BIT_CONVERSION = YES;
				GCC_WARN_ABOUT_RETURN_TYPE = YES_ERROR;
				GCC_WARN_UNDECLARED_SELECTOR = YES;
				GCC_WARN_UNINITIALIZED_AUTOS = YES_AGGRESSIVE;
				GCC_WARN_UNUSED_FUNCTION = YES;
				GCC_WARN_UNUSED_VARIABLE = YES;
				IPHONEOS_DEPLOYMENT_TARGET = 16.1;
				MTL_ENABLE_DEBUG_INFO = INCLUDE_SOURCE;
				MTL_FAST_MATH = YES;
				ONLY_ACTIVE_ARCH = YES;
				SDKROOT = iphoneos;
				SWIFT_ACTIVE_COMPILATION_CONDITIONS = DEBUG;
				SWIFT_OPTIMIZATION_LEVEL = "-Onone";
			};
			name = Debug;
		};
		28D20EAB296D1780006CE01D /* Release */ = {
			isa = XCBuildConfiguration;
			buildSettings = {
				ALWAYS_SEARCH_USER_PATHS = NO;
				CLANG_ANALYZER_NONNULL = YES;
				CLANG_ANALYZER_NUMBER_OBJECT_CONVERSION = YES_AGGRESSIVE;
				CLANG_CXX_LANGUAGE_STANDARD = "gnu++20";
				CLANG_ENABLE_MODULES = YES;
				CLANG_ENABLE_OBJC_ARC = YES;
				CLANG_ENABLE_OBJC_WEAK = YES;
				CLANG_WARN_BLOCK_CAPTURE_AUTORELEASING = YES;
				CLANG_WARN_BOOL_CONVERSION = YES;
				CLANG_WARN_COMMA = YES;
				CLANG_WARN_CONSTANT_CONVERSION = YES;
				CLANG_WARN_DEPRECATED_OBJC_IMPLEMENTATIONS = YES;
				CLANG_WARN_DIRECT_OBJC_ISA_USAGE = YES_ERROR;
				CLANG_WARN_DOCUMENTATION_COMMENTS = YES;
				CLANG_WARN_EMPTY_BODY = YES;
				CLANG_WARN_ENUM_CONVERSION = YES;
				CLANG_WARN_INFINITE_RECURSION = YES;
				CLANG_WARN_INT_CONVERSION = YES;
				CLANG_WARN_NON_LITERAL_NULL_CONVERSION = YES;
				CLANG_WARN_OBJC_IMPLICIT_RETAIN_SELF = YES;
				CLANG_WARN_OBJC_LITERAL_CONVERSION = YES;
				CLANG_WARN_OBJC_ROOT_CLASS = YES_ERROR;
				CLANG_WARN_QUOTED_INCLUDE_IN_FRAMEWORK_HEADER = YES;
				CLANG_WARN_RANGE_LOOP_ANALYSIS = YES;
				CLANG_WARN_STRICT_PROTOTYPES = YES;
				CLANG_WARN_SUSPICIOUS_MOVE = YES;
				CLANG_WARN_UNGUARDED_AVAILABILITY = YES_AGGRESSIVE;
				CLANG_WARN_UNREACHABLE_CODE = YES;
				CLANG_WARN__DUPLICATE_METHOD_MATCH = YES;
				COPY_PHASE_STRIP = NO;
				DEBUG_INFORMATION_FORMAT = "dwarf-with-dsym";
				ENABLE_NS_ASSERTIONS = NO;
				ENABLE_STRICT_OBJC_MSGSEND = YES;
				GCC_C_LANGUAGE_STANDARD = gnu11;
				GCC_NO_COMMON_BLOCKS = YES;
				GCC_WARN_64_TO_32_BIT_CONVERSION = YES;
				GCC_WARN_ABOUT_RETURN_TYPE = YES_ERROR;
				GCC_WARN_UNDECLARED_SELECTOR = YES;
				GCC_WARN_UNINITIALIZED_AUTOS = YES_AGGRESSIVE;
				GCC_WARN_UNUSED_FUNCTION = YES;
				GCC_WARN_UNUSED_VARIABLE = YES;
				IPHONEOS_DEPLOYMENT_TARGET = 16.1;
				MTL_ENABLE_DEBUG_INFO = NO;
				MTL_FAST_MATH = YES;
				SDKROOT = iphoneos;
				SWIFT_COMPILATION_MODE = wholemodule;
				SWIFT_OPTIMIZATION_LEVEL = "-O";
				VALIDATE_PRODUCT = YES;
			};
			name = Release;
		};
		28D20EAD296D1780006CE01D /* Debug */ = {
			isa = XCBuildConfiguration;
			buildSettings = {
				ASSETCATALOG_COMPILER_APPICON_NAME = AppIcon;
				ASSETCATALOG_COMPILER_GLOBAL_ACCENT_COLOR_NAME = AccentColor;
				CODE_SIGN_STYLE = Automatic;
				CURRENT_PROJECT_VERSION = 1;
				DEVELOPMENT_TEAM = 76AHS35FZP;
				GENERATE_INFOPLIST_FILE = YES;
				INFOPLIST_FILE = MyAlbum/Info.plist;
				INFOPLIST_KEY_UIApplicationSupportsIndirectInputEvents = YES;
				INFOPLIST_KEY_UILaunchStoryboardName = LaunchScreen;
				INFOPLIST_KEY_UIMainStoryboardFile = Main;
				INFOPLIST_KEY_UISupportedInterfaceOrientations_iPad = "UIInterfaceOrientationPortrait UIInterfaceOrientationPortraitUpsideDown UIInterfaceOrientationLandscapeLeft UIInterfaceOrientationLandscapeRight";
				INFOPLIST_KEY_UISupportedInterfaceOrientations_iPhone = "UIInterfaceOrientationPortrait UIInterfaceOrientationLandscapeLeft UIInterfaceOrientationLandscapeRight";
				IPHONEOS_DEPLOYMENT_TARGET = 16.0;
				LD_RUNPATH_SEARCH_PATHS = (
					"$(inherited)",
					"@executable_path/Frameworks",
				);
				MARKETING_VERSION = 1.0;
				PRODUCT_BUNDLE_IDENTIFIER = com.kekwy.ios.MyAlbum;
				PRODUCT_NAME = "$(TARGET_NAME)";
				SWIFT_EMIT_LOC_STRINGS = YES;
				SWIFT_VERSION = 5.0;
				TARGETED_DEVICE_FAMILY = "1,2";
			};
			name = Debug;
		};
		28D20EAE296D1780006CE01D /* Release */ = {
			isa = XCBuildConfiguration;
			buildSettings = {
				ASSETCATALOG_COMPILER_APPICON_NAME = AppIcon;
				ASSETCATALOG_COMPILER_GLOBAL_ACCENT_COLOR_NAME = AccentColor;
				CODE_SIGN_STYLE = Automatic;
				CURRENT_PROJECT_VERSION = 1;
				DEVELOPMENT_TEAM = 76AHS35FZP;
				GENERATE_INFOPLIST_FILE = YES;
				INFOPLIST_FILE = MyAlbum/Info.plist;
				INFOPLIST_KEY_UIApplicationSupportsIndirectInputEvents = YES;
				INFOPLIST_KEY_UILaunchStoryboardName = LaunchScreen;
				INFOPLIST_KEY_UIMainStoryboardFile = Main;
				INFOPLIST_KEY_UISupportedInterfaceOrientations_iPad = "UIInterfaceOrientationPortrait UIInterfaceOrientationPortraitUpsideDown UIInterfaceOrientationLandscapeLeft UIInterfaceOrientationLandscapeRight";
				INFOPLIST_KEY_UISupportedInterfaceOrientations_iPhone = "UIInterfaceOrientationPortrait UIInterfaceOrientationLandscapeLeft UIInterfaceOrientationLandscapeRight";
				IPHONEOS_DEPLOYMENT_TARGET = 16.0;
				LD_RUNPATH_SEARCH_PATHS = (
					"$(inherited)",
					"@executable_path/Frameworks",
				);
				MARKETING_VERSION = 1.0;
				PRODUCT_BUNDLE_IDENTIFIER = com.kekwy.ios.MyAlbum;
				PRODUCT_NAME = "$(TARGET_NAME)";
				SWIFT_EMIT_LOC_STRINGS = YES;
				SWIFT_VERSION = 5.0;
				TARGETED_DEVICE_FAMILY = "1,2";
			};
			name = Release;
		};
/* End XCBuildConfiguration section */

/* Begin XCConfigurationList section */
		28D20E93296D177F006CE01D /* Build configuration list for PBXProject "MyAlbum" */ = {
			isa = XCConfigurationList;
			buildConfigurations = (
				28D20EAA296D1780006CE01D /* Debug */,
				28D20EAB296D1780006CE01D /* Release */,
			);
			defaultConfigurationIsVisible = 0;
			defaultConfigurationName = Release;
		};
		28D20EAC296D1780006CE01D /* Build configuration list for PBXNativeTarget "MyAlbum" */ = {
			isa = XCConfigurationList;
			buildConfigurations = (
				28D20EAD296D1780006CE01D /* Debug */,
				28D20EAE296D1780006CE01D /* Release */,
			);
			defaultConfigurationIsVisible = 0;
			defaultConfigurationName = Release;
		};
/* End XCConfigurationList section */

/* Begin XCRemoteSwiftPackageReference section */
		289EA733296D5A4300033333 /* XCRemoteSwiftPackageReference "SideMenu" */ = {
			isa = XCRemoteSwiftPackageReference;
			repositoryURL = "https://github.com/jonkykong/SideMenu.git";
			requirement = {
				kind = upToNextMajorVersion;
				minimumVersion = 6.0.0;
			};
		};
/* End XCRemoteSwiftPackageReference section */

/* Begin XCSwiftPackageProductDependency section */
		289EA734296D5A4300033333 /* SideMenu */ = {
			isa = XCSwiftPackageProductDependency;
			package = 289EA733296D5A4300033333 /* XCRemoteSwiftPackageReference "SideMenu" */;
			productName = SideMenu;
		};
/* End XCSwiftPackageProductDependency section */
	};
	rootObject = 28D20E90296D177F006CE01D /* Project object */;
}
